// !$*UTF8*$!
{
	archiveVersion = 1;
	classes = {
	};
	objectVersion = 50;
	objects = {

/* Begin PBXBuildFile section */
		2E4A08893CCF45439F16ABB0 /* Pods_MySpeakerTests.framework in Frameworks */ = {isa = PBXBuildFile; fileRef = D887326B70B03F0E14DC163B /* Pods_MySpeakerTests.framework */; };
		78058675212287B300C14B66 /* AppDelegate.swift in Sources */ = {isa = PBXBuildFile; fileRef = 78058674212287B300C14B66 /* AppDelegate.swift */; };
		78058677212287B300C14B66 /* ViewController.swift in Sources */ = {isa = PBXBuildFile; fileRef = 78058676212287B300C14B66 /* ViewController.swift */; };
		7805867A212287B300C14B66 /* Main.storyboard in Resources */ = {isa = PBXBuildFile; fileRef = 78058678212287B300C14B66 /* Main.storyboard */; };
		7805867D212287B300C14B66 /* MySpeaker.xcdatamodeld in Sources */ = {isa = PBXBuildFile; fileRef = 7805867B212287B300C14B66 /* MySpeaker.xcdatamodeld */; };
		7805867F212287B600C14B66 /* Assets.xcassets in Resources */ = {isa = PBXBuildFile; fileRef = 7805867E212287B600C14B66 /* Assets.xcassets */; };
		78058682212287B600C14B66 /* LaunchScreen.storyboard in Resources */ = {isa = PBXBuildFile; fileRef = 78058680212287B600C14B66 /* LaunchScreen.storyboard */; };
		7805868D212287B600C14B66 /* MySpeakerTests.swift in Sources */ = {isa = PBXBuildFile; fileRef = 7805868C212287B600C14B66 /* MySpeakerTests.swift */; };
		78058698212287B600C14B66 /* MySpeakerUITests.swift in Sources */ = {isa = PBXBuildFile; fileRef = 78058697212287B600C14B66 /* MySpeakerUITests.swift */; };
		9ED4932E46EE15D3DF6D864D /* Pods_MySpeakerUITests.framework in Frameworks */ = {isa = PBXBuildFile; fileRef = 66920CCEA2DAB6400B0C413A /* Pods_MySpeakerUITests.framework */; };
		E397BA0C4B029A99424F9E70 /* Pods_MySpeaker.framework in Frameworks */ = {isa = PBXBuildFile; fileRef = 48A8DD7FC117735027363A73 /* Pods_MySpeaker.framework */; };
/* End PBXBuildFile section */

/* Begin PBXContainerItemProxy section */
		78058689212287B600C14B66 /* PBXContainerItemProxy */ = {
			isa = PBXContainerItemProxy;
			containerPortal = 78058669212287B300C14B66 /* Project object */;
			proxyType = 1;
			remoteGlobalIDString = 78058670212287B300C14B66;
			remoteInfo = MySpeaker;
		};
		78058694212287B600C14B66 /* PBXContainerItemProxy */ = {
			isa = PBXContainerItemProxy;
			containerPortal = 78058669212287B300C14B66 /* Project object */;
			proxyType = 1;
			remoteGlobalIDString = 78058670212287B300C14B66;
			remoteInfo = MySpeaker;
		};
/* End PBXContainerItemProxy section */

/* Begin PBXFileReference section */
		48A8DD7FC117735027363A73 /* Pods_MySpeaker.framework */ = {isa = PBXFileReference; explicitFileType = wrapper.framework; includeInIndex = 0; path = Pods_MySpeaker.framework; sourceTree = BUILT_PRODUCTS_DIR; };
		48B795BC0DCB8D2920B8879C /* Pods-MySpeakerUITests.release.xcconfig */ = {isa = PBXFileReference; includeInIndex = 1; lastKnownFileType = text.xcconfig; name = "Pods-MySpeakerUITests.release.xcconfig"; path = "Pods/Target Support Files/Pods-MySpeakerUITests/Pods-MySpeakerUITests.release.xcconfig"; sourceTree = "<group>"; };
		4AE313246B76DE2C6230F8D2 /* Pods-MySpeakerTests.debug.xcconfig */ = {isa = PBXFileReference; includeInIndex = 1; lastKnownFileType = text.xcconfig; name = "Pods-MySpeakerTests.debug.xcconfig"; path = "Pods/Target Support Files/Pods-MySpeakerTests/Pods-MySpeakerTests.debug.xcconfig"; sourceTree = "<group>"; };
		66920CCEA2DAB6400B0C413A /* Pods_MySpeakerUITests.framework */ = {isa = PBXFileReference; explicitFileType = wrapper.framework; includeInIndex = 0; path = Pods_MySpeakerUITests.framework; sourceTree = BUILT_PRODUCTS_DIR; };
		78058671212287B300C14B66 /* MySpeaker.app */ = {isa = PBXFileReference; explicitFileType = wrapper.application; includeInIndex = 0; path = MySpeaker.app; sourceTree = BUILT_PRODUCTS_DIR; };
		78058674212287B300C14B66 /* AppDelegate.swift */ = {isa = PBXFileReference; lastKnownFileType = sourcecode.swift; path = AppDelegate.swift; sourceTree = "<group>"; };
		78058676212287B300C14B66 /* ViewController.swift */ = {isa = PBXFileReference; lastKnownFileType = sourcecode.swift; path = ViewController.swift; sourceTree = "<group>"; };
		78058679212287B300C14B66 /* Base */ = {isa = PBXFileReference; lastKnownFileType = file.storyboard; name = Base; path = Base.lproj/Main.storyboard; sourceTree = "<group>"; };
		7805867C212287B300C14B66 /* MySpeaker.xcdatamodel */ = {isa = PBXFileReference; lastKnownFileType = wrapper.xcdatamodel; path = MySpeaker.xcdatamodel; sourceTree = "<group>"; };
		7805867E212287B600C14B66 /* Assets.xcassets */ = {isa = PBXFileReference; lastKnownFileType = folder.assetcatalog; path = Assets.xcassets; sourceTree = "<group>"; };
		78058681212287B600C14B66 /* Base */ = {isa = PBXFileReference; lastKnownFileType = file.storyboard; name = Base; path = Base.lproj/LaunchScreen.storyboard; sourceTree = "<group>"; };
		78058683212287B600C14B66 /* Info.plist */ = {isa = PBXFileReference; lastKnownFileType = text.plist.xml; path = Info.plist; sourceTree = "<group>"; };
		78058688212287B600C14B66 /* MySpeakerTests.xctest */ = {isa = PBXFileReference; explicitFileType = wrapper.cfbundle; includeInIndex = 0; path = MySpeakerTests.xctest; sourceTree = BUILT_PRODUCTS_DIR; };
		7805868C212287B600C14B66 /* MySpeakerTests.swift */ = {isa = PBXFileReference; lastKnownFileType = sourcecode.swift; path = MySpeakerTests.swift; sourceTree = "<group>"; };
		7805868E212287B600C14B66 /* Info.plist */ = {isa = PBXFileReference; lastKnownFileType = text.plist.xml; path = Info.plist; sourceTree = "<group>"; };
		78058693212287B600C14B66 /* MySpeakerUITests.xctest */ = {isa = PBXFileReference; explicitFileType = wrapper.cfbundle; includeInIndex = 0; path = MySpeakerUITests.xctest; sourceTree = BUILT_PRODUCTS_DIR; };
		78058697212287B600C14B66 /* MySpeakerUITests.swift */ = {isa = PBXFileReference; lastKnownFileType = sourcecode.swift; path = MySpeakerUITests.swift; sourceTree = "<group>"; };
		78058699212287B600C14B66 /* Info.plist */ = {isa = PBXFileReference; lastKnownFileType = text.plist.xml; path = Info.plist; sourceTree = "<group>"; };
		8691D297417F8C00A1AB7A2D /* Pods-MySpeakerTests.release.xcconfig */ = {isa = PBXFileReference; includeInIndex = 1; lastKnownFileType = text.xcconfig; name = "Pods-MySpeakerTests.release.xcconfig"; path = "Pods/Target Support Files/Pods-MySpeakerTests/Pods-MySpeakerTests.release.xcconfig"; sourceTree = "<group>"; };
		A39DD8FE6382814A76531F42 /* Pods-MySpeaker.debug.xcconfig */ = {isa = PBXFileReference; includeInIndex = 1; lastKnownFileType = text.xcconfig; name = "Pods-MySpeaker.debug.xcconfig"; path = "Pods/Target Support Files/Pods-MySpeaker/Pods-MySpeaker.debug.xcconfig"; sourceTree = "<group>"; };
		B404BB7661826BC5B2B9FA00 /* Pods-MySpeaker.release.xcconfig */ = {isa = PBXFileReference; includeInIndex = 1; lastKnownFileType = text.xcconfig; name = "Pods-MySpeaker.release.xcconfig"; path = "Pods/Target Support Files/Pods-MySpeaker/Pods-MySpeaker.release.xcconfig"; sourceTree = "<group>"; };
		B98CDC5F2BAE90A03A10864D /* Pods-MySpeakerUITests.debug.xcconfig */ = {isa = PBXFileReference; includeInIndex = 1; lastKnownFileType = text.xcconfig; name = "Pods-MySpeakerUITests.debug.xcconfig"; path = "Pods/Target Support Files/Pods-MySpeakerUITests/Pods-MySpeakerUITests.debug.xcconfig"; sourceTree = "<group>"; };
		D887326B70B03F0E14DC163B /* Pods_MySpeakerTests.framework */ = {isa = PBXFileReference; explicitFileType = wrapper.framework; includeInIndex = 0; path = Pods_MySpeakerTests.framework; sourceTree = BUILT_PRODUCTS_DIR; };
/* End PBXFileReference section */

/* Begin PBXFrameworksBuildPhase section */
		7805866E212287B300C14B66 /* Frameworks */ = {
			isa = PBXFrameworksBuildPhase;
			buildActionMask = 2147483647;
			files = (
				E397BA0C4B029A99424F9E70 /* Pods_MySpeaker.framework in Frameworks */,
			);
			runOnlyForDeploymentPostprocessing = 0;
		};
		78058685212287B600C14B66 /* Frameworks */ = {
			isa = PBXFrameworksBuildPhase;
			buildActionMask = 2147483647;
			files = (
				2E4A08893CCF45439F16ABB0 /* Pods_MySpeakerTests.framework in Frameworks */,
			);
			runOnlyForDeploymentPostprocessing = 0;
		};
		78058690212287B600C14B66 /* Frameworks */ = {
			isa = PBXFrameworksBuildPhase;
			buildActionMask = 2147483647;
			files = (
				9ED4932E46EE15D3DF6D864D /* Pods_MySpeakerUITests.framework in Frameworks */,
			);
			runOnlyForDeploymentPostprocessing = 0;
		};
/* End PBXFrameworksBuildPhase section */

/* Begin PBXGroup section */
		5E4B9927AB14216A0EC605F9 /* Frameworks */ = {
			isa = PBXGroup;
			children = (
				48A8DD7FC117735027363A73 /* Pods_MySpeaker.framework */,
				D887326B70B03F0E14DC163B /* Pods_MySpeakerTests.framework */,
				66920CCEA2DAB6400B0C413A /* Pods_MySpeakerUITests.framework */,
			);
			name = Frameworks;
			sourceTree = "<group>";
		};
		78058668212287B300C14B66 = {
			isa = PBXGroup;
			children = (
				78058673212287B300C14B66 /* MySpeaker */,
				7805868B212287B600C14B66 /* MySpeakerTests */,
				78058696212287B600C14B66 /* MySpeakerUITests */,
				78058672212287B300C14B66 /* Products */,
				A7226FC3FFA8829E1C2B95AF /* Pods */,
				5E4B9927AB14216A0EC605F9 /* Frameworks */,
			);
			sourceTree = "<group>";
		};
		78058672212287B300C14B66 /* Products */ = {
			isa = PBXGroup;
			children = (
				78058671212287B300C14B66 /* MySpeaker.app */,
				78058688212287B600C14B66 /* MySpeakerTests.xctest */,
				78058693212287B600C14B66 /* MySpeakerUITests.xctest */,
			);
			name = Products;
			sourceTree = "<group>";
		};
		78058673212287B300C14B66 /* MySpeaker */ = {
			isa = PBXGroup;
			children = (
				78058674212287B300C14B66 /* AppDelegate.swift */,
				78058676212287B300C14B66 /* ViewController.swift */,
				78058678212287B300C14B66 /* Main.storyboard */,
				7805867E212287B600C14B66 /* Assets.xcassets */,
				78058680212287B600C14B66 /* LaunchScreen.storyboard */,
				78058683212287B600C14B66 /* Info.plist */,
				7805867B212287B300C14B66 /* MySpeaker.xcdatamodeld */,
			);
			path = MySpeaker;
			sourceTree = "<group>";
		};
		7805868B212287B600C14B66 /* MySpeakerTests */ = {
			isa = PBXGroup;
			children = (
				7805868C212287B600C14B66 /* MySpeakerTests.swift */,
				7805868E212287B600C14B66 /* Info.plist */,
			);
			path = MySpeakerTests;
			sourceTree = "<group>";
		};
		78058696212287B600C14B66 /* MySpeakerUITests */ = {
			isa = PBXGroup;
			children = (
				78058697212287B600C14B66 /* MySpeakerUITests.swift */,
				78058699212287B600C14B66 /* Info.plist */,
			);
			path = MySpeakerUITests;
			sourceTree = "<group>";
		};
		A7226FC3FFA8829E1C2B95AF /* Pods */ = {
			isa = PBXGroup;
			children = (
				A39DD8FE6382814A76531F42 /* Pods-MySpeaker.debug.xcconfig */,
				B404BB7661826BC5B2B9FA00 /* Pods-MySpeaker.release.xcconfig */,
				4AE313246B76DE2C6230F8D2 /* Pods-MySpeakerTests.debug.xcconfig */,
				8691D297417F8C00A1AB7A2D /* Pods-MySpeakerTests.release.xcconfig */,
				B98CDC5F2BAE90A03A10864D /* Pods-MySpeakerUITests.debug.xcconfig */,
				48B795BC0DCB8D2920B8879C /* Pods-MySpeakerUITests.release.xcconfig */,
			);
			name = Pods;
			sourceTree = "<group>";
		};
/* End PBXGroup section */

/* Begin PBXNativeTarget section */
		78058670212287B300C14B66 /* MySpeaker */ = {
			isa = PBXNativeTarget;
			buildConfigurationList = 7805869C212287B600C14B66 /* Build configuration list for PBXNativeTarget "MySpeaker" */;
			buildPhases = (
				ED8FCE346226982BF1FFF602 /* [CP] Check Pods Manifest.lock */,
				7805866D212287B300C14B66 /* Sources */,
				7805866E212287B300C14B66 /* Frameworks */,
				7805866F212287B300C14B66 /* Resources */,
				B617BC6041E0D9AA96B9F714 /* [CP] Embed Pods Frameworks */,
			);
			buildRules = (
			);
			dependencies = (
			);
			name = MySpeaker;
			productName = MySpeaker;
			productReference = 78058671212287B300C14B66 /* MySpeaker.app */;
			productType = "com.apple.product-type.application";
		};
		78058687212287B600C14B66 /* MySpeakerTests */ = {
			isa = PBXNativeTarget;
			buildConfigurationList = 7805869F212287B600C14B66 /* Build configuration list for PBXNativeTarget "MySpeakerTests" */;
			buildPhases = (
				5B11B68A251242CA6A0C787A /* [CP] Check Pods Manifest.lock */,
				78058684212287B600C14B66 /* Sources */,
				78058685212287B600C14B66 /* Frameworks */,
				78058686212287B600C14B66 /* Resources */,
			);
			buildRules = (
			);
			dependencies = (
				7805868A212287B600C14B66 /* PBXTargetDependency */,
			);
			name = MySpeakerTests;
			productName = MySpeakerTests;
			productReference = 78058688212287B600C14B66 /* MySpeakerTests.xctest */;
			productType = "com.apple.product-type.bundle.unit-test";
		};
		78058692212287B600C14B66 /* MySpeakerUITests */ = {
			isa = PBXNativeTarget;
			buildConfigurationList = 780586A2212287B600C14B66 /* Build configuration list for PBXNativeTarget "MySpeakerUITests" */;
			buildPhases = (
				3672D2467C5AC360AA21AD53 /* [CP] Check Pods Manifest.lock */,
				7805868F212287B600C14B66 /* Sources */,
				78058690212287B600C14B66 /* Frameworks */,
				78058691212287B600C14B66 /* Resources */,
			);
			buildRules = (
			);
			dependencies = (
				78058695212287B600C14B66 /* PBXTargetDependency */,
			);
			name = MySpeakerUITests;
			productName = MySpeakerUITests;
			productReference = 78058693212287B600C14B66 /* MySpeakerUITests.xctest */;
			productType = "com.apple.product-type.bundle.ui-testing";
		};
/* End PBXNativeTarget section */

/* Begin PBXProject section */
		78058669212287B300C14B66 /* Project object */ = {
			isa = PBXProject;
			attributes = {
				LastSwiftUpdateCheck = 0940;
				LastUpgradeCheck = 0940;
				ORGANIZATIONNAME = "Manjunath Shivakumara";
				TargetAttributes = {
					78058670212287B300C14B66 = {
						CreatedOnToolsVersion = 9.4.1;
					};
					78058687212287B600C14B66 = {
						CreatedOnToolsVersion = 9.4.1;
						TestTargetID = 78058670212287B300C14B66;
					};
					78058692212287B600C14B66 = {
						CreatedOnToolsVersion = 9.4.1;
						TestTargetID = 78058670212287B300C14B66;
					};
				};
			};
			buildConfigurationList = 7805866C212287B300C14B66 /* Build configuration list for PBXProject "MySpeaker" */;
			compatibilityVersion = "Xcode 9.3";
			developmentRegion = en;
			hasScannedForEncodings = 0;
			knownRegions = (
				en,
				Base,
			);
			mainGroup = 78058668212287B300C14B66;
			productRefGroup = 78058672212287B300C14B66 /* Products */;
			projectDirPath = "";
			projectRoot = "";
			targets = (
				78058670212287B300C14B66 /* MySpeaker */,
				78058687212287B600C14B66 /* MySpeakerTests */,
				78058692212287B600C14B66 /* MySpeakerUITests */,
			);
		};
/* End PBXProject section */

/* Begin PBXResourcesBuildPhase section */
		7805866F212287B300C14B66 /* Resources */ = {
			isa = PBXResourcesBuildPhase;
			buildActionMask = 2147483647;
			files = (
				78058682212287B600C14B66 /* LaunchScreen.storyboard in Resources */,
				7805867F212287B600C14B66 /* Assets.xcassets in Resources */,
				7805867A212287B300C14B66 /* Main.storyboard in Resources */,
			);
			runOnlyForDeploymentPostprocessing = 0;
		};
		78058686212287B600C14B66 /* Resources */ = {
			isa = PBXResourcesBuildPhase;
			buildActionMask = 2147483647;
			files = (
			);
			runOnlyForDeploymentPostprocessing = 0;
		};
		78058691212287B600C14B66 /* Resources */ = {
			isa = PBXResourcesBuildPhase;
			buildActionMask = 2147483647;
			files = (
			);
			runOnlyForDeploymentPostprocessing = 0;
		};
/* End PBXResourcesBuildPhase section */

/* Begin PBXShellScriptBuildPhase section */
		3672D2467C5AC360AA21AD53 /* [CP] Check Pods Manifest.lock */ = {
			isa = PBXShellScriptBuildPhase;
			buildActionMask = 2147483647;
			files = (
			);
			inputPaths = (
				"${PODS_PODFILE_DIR_PATH}/Podfile.lock",
				"${PODS_ROOT}/Manifest.lock",
			);
			name = "[CP] Check Pods Manifest.lock";
			outputPaths = (
				"$(DERIVED_FILE_DIR)/Pods-MySpeakerUITests-checkManifestLockResult.txt",
			);
			runOnlyForDeploymentPostprocessing = 0;
			shellPath = /bin/sh;
			shellScript = "diff \"${PODS_PODFILE_DIR_PATH}/Podfile.lock\" \"${PODS_ROOT}/Manifest.lock\" > /dev/null\nif [ $? != 0 ] ; then\n    # print error to STDERR\n    echo \"error: The sandbox is not in sync with the Podfile.lock. Run 'pod install' or update your CocoaPods installation.\" >&2\n    exit 1\nfi\n# This output is used by Xcode 'outputs' to avoid re-running this script phase.\necho \"SUCCESS\" > \"${SCRIPT_OUTPUT_FILE_0}\"\n";
			showEnvVarsInLog = 0;
		};
		5B11B68A251242CA6A0C787A /* [CP] Check Pods Manifest.lock */ = {
			isa = PBXShellScriptBuildPhase;
			buildActionMask = 2147483647;
			files = (
			);
			inputPaths = (
				"${PODS_PODFILE_DIR_PATH}/Podfile.lock",
				"${PODS_ROOT}/Manifest.lock",
			);
			name = "[CP] Check Pods Manifest.lock";
			outputPaths = (
				"$(DERIVED_FILE_DIR)/Pods-MySpeakerTests-checkManifestLockResult.txt",
			);
			runOnlyForDeploymentPostprocessing = 0;
			shellPath = /bin/sh;
			shellScript = "diff \"${PODS_PODFILE_DIR_PATH}/Podfile.lock\" \"${PODS_ROOT}/Manifest.lock\" > /dev/null\nif [ $? != 0 ] ; then\n    # print error to STDERR\n    echo \"error: The sandbox is not in sync with the Podfile.lock. Run 'pod install' or update your CocoaPods installation.\" >&2\n    exit 1\nfi\n# This output is used by Xcode 'outputs' to avoid re-running this script phase.\necho \"SUCCESS\" > \"${SCRIPT_OUTPUT_FILE_0}\"\n";
			showEnvVarsInLog = 0;
		};
		B617BC6041E0D9AA96B9F714 /* [CP] Embed Pods Frameworks */ = {
			isa = PBXShellScriptBuildPhase;
			buildActionMask = 2147483647;
			files = (
			);
			inputPaths = (
				"${SRCROOT}/Pods/Target Support Files/Pods-MySpeaker/Pods-MySpeaker-frameworks.sh",
				"${BUILT_PRODUCTS_DIR}/Branch/Branch.framework",
			);
			name = "[CP] Embed Pods Frameworks";
			outputPaths = (
				"${TARGET_BUILD_DIR}/${FRAMEWORKS_FOLDER_PATH}/Branch.framework",
			);
			runOnlyForDeploymentPostprocessing = 0;
			shellPath = /bin/sh;
			shellScript = "\"${SRCROOT}/Pods/Target Support Files/Pods-MySpeaker/Pods-MySpeaker-frameworks.sh\"\n";
			showEnvVarsInLog = 0;
		};
		ED8FCE346226982BF1FFF602 /* [CP] Check Pods Manifest.lock */ = {
			isa = PBXShellScriptBuildPhase;
			buildActionMask = 2147483647;
			files = (
			);
			inputPaths = (
				"${PODS_PODFILE_DIR_PATH}/Podfile.lock",
				"${PODS_ROOT}/Manifest.lock",
			);
			name = "[CP] Check Pods Manifest.lock";
			outputPaths = (
				"$(DERIVED_FILE_DIR)/Pods-MySpeaker-checkManifestLockResult.txt",
			);
			runOnlyForDeploymentPostprocessing = 0;
			shellPath = /bin/sh;
			shellScript = "diff \"${PODS_PODFILE_DIR_PATH}/Podfile.lock\" \"${PODS_ROOT}/Manifest.lock\" > /dev/null\nif [ $? != 0 ] ; then\n    # print error to STDERR\n    echo \"error: The sandbox is not in sync with the Podfile.lock. Run 'pod install' or update your CocoaPods installation.\" >&2\n    exit 1\nfi\n# This output is used by Xcode 'outputs' to avoid re-running this script phase.\necho \"SUCCESS\" > \"${SCRIPT_OUTPUT_FILE_0}\"\n";
			showEnvVarsInLog = 0;
		};
/* End PBXShellScriptBuildPhase section */

/* Begin PBXSourcesBuildPhase section */
		7805866D212287B300C14B66 /* Sources */ = {
			isa = PBXSourcesBuildPhase;
			buildActionMask = 2147483647;
			files = (
				78058677212287B300C14B66 /* ViewController.swift in Sources */,
				78058675212287B300C14B66 /* AppDelegate.swift in Sources */,
				7805867D212287B300C14B66 /* MySpeaker.xcdatamodeld in Sources */,
			);
			runOnlyForDeploymentPostprocessing = 0;
		};
		78058684212287B600C14B66 /* Sources */ = {
			isa = PBXSourcesBuildPhase;
			buildActionMask = 2147483647;
			files = (
				7805868D212287B600C14B66 /* MySpeakerTests.swift in Sources */,
			);
			runOnlyForDeploymentPostprocessing = 0;
		};
		7805868F212287B600C14B66 /* Sources */ = {
			isa = PBXSourcesBuildPhase;
			buildActionMask = 2147483647;
			files = (
				78058698212287B600C14B66 /* MySpeakerUITests.swift in Sources */,
			);
			runOnlyForDeploymentPostprocessing = 0;
		};
/* End PBXSourcesBuildPhase section */

/* Begin PBXTargetDependency section */
		7805868A212287B600C14B66 /* PBXTargetDependency */ = {
			isa = PBXTargetDependency;
			target = 78058670212287B300C14B66 /* MySpeaker */;
			targetProxy = 78058689212287B600C14B66 /* PBXContainerItemProxy */;
		};
		78058695212287B600C14B66 /* PBXTargetDependency */ = {
			isa = PBXTargetDependency;
			target = 78058670212287B300C14B66 /* MySpeaker */;
			targetProxy = 78058694212287B600C14B66 /* PBXContainerItemProxy */;
		};
/* End PBXTargetDependency section */

/* Begin PBXVariantGroup section */
		78058678212287B300C14B66 /* Main.storyboard */ = {
			isa = PBXVariantGroup;
			children = (
				78058679212287B300C14B66 /* Base */,
			);
			name = Main.storyboard;
			sourceTree = "<group>";
		};
		78058680212287B600C14B66 /* LaunchScreen.storyboard */ = {
			isa = PBXVariantGroup;
			children = (
				78058681212287B600C14B66 /* Base */,
			);
			name = LaunchScreen.storyboard;
			sourceTree = "<group>";
		};
/* End PBXVariantGroup section */

/* Begin XCBuildConfiguration section */
		7805869A212287B600C14B66 /* Debug */ = {
			isa = XCBuildConfiguration;
			buildSettings = {
				ALWAYS_SEARCH_USER_PATHS = NO;
				CLANG_ANALYZER_NONNULL = YES;
				CLANG_ANALYZER_NUMBER_OBJECT_CONVERSION = YES_AGGRESSIVE;
				CLANG_CXX_LANGUAGE_STANDARD = "gnu++14";
				CLANG_CXX_LIBRARY = "libc++";
				CLANG_ENABLE_MODULES = YES;
				CLANG_ENABLE_OBJC_ARC = YES;
				CLANG_ENABLE_OBJC_WEAK = YES;
				CLANG_WARN_BLOCK_CAPTURE_AUTORELEASING = YES;
				CLANG_WARN_BOOL_CONVERSION = YES;
				CLANG_WARN_COMMA = YES;
				CLANG_WARN_CONSTANT_CONVERSION = YES;
				CLANG_WARN_DEPRECATED_OBJC_IMPLEMENTATIONS = YES;
				CLANG_WARN_DIRECT_OBJC_ISA_USAGE = YES_ERROR;
				CLANG_WARN_DOCUMENTATION_COMMENTS = YES;
				CLANG_WARN_EMPTY_BODY = YES;
				CLANG_WARN_ENUM_CONVERSION = YES;
				CLANG_WARN_INFINITE_RECURSION = YES;
				CLANG_WARN_INT_CONVERSION = YES;
				CLANG_WARN_NON_LITERAL_NULL_CONVERSION = YES;
				CLANG_WARN_OBJC_IMPLICIT_RETAIN_SELF = YES;
				CLANG_WARN_OBJC_LITERAL_CONVERSION = YES;
				CLANG_WARN_OBJC_ROOT_CLASS = YES_ERROR;
				CLANG_WARN_RANGE_LOOP_ANALYSIS = YES;
				CLANG_WARN_STRICT_PROTOTYPES = YES;
				CLANG_WARN_SUSPICIOUS_MOVE = YES;
				CLANG_WARN_UNGUARDED_AVAILABILITY = YES_AGGRESSIVE;
				CLANG_WARN_UNREACHABLE_CODE = YES;
				CLANG_WARN__DUPLICATE_METHOD_MATCH = YES;
				CODE_SIGN_IDENTITY = "iPhone Developer";
				COPY_PHASE_STRIP = NO;
				DEBUG_INFORMATION_FORMAT = dwarf;
				ENABLE_STRICT_OBJC_MSGSEND = YES;
				ENABLE_TESTABILITY = YES;
				GCC_C_LANGUAGE_STANDARD = gnu11;
				GCC_DYNAMIC_NO_PIC = NO;
				GCC_NO_COMMON_BLOCKS = YES;
				GCC_OPTIMIZATION_LEVEL = 0;
				GCC_PREPROCESSOR_DEFINITIONS = (
					"DEBUG=1",
					"$(inherited)",
				);
				GCC_WARN_64_TO_32_BIT_CONVERSION = YES;
				GCC_WARN_ABOUT_RETURN_TYPE = YES_ERROR;
				GCC_WARN_UNDECLARED_SELECTOR = YES;
				GCC_WARN_UNINITIALIZED_AUTOS = YES_AGGRESSIVE;
				GCC_WARN_UNUSED_FUNCTION = YES;
				GCC_WARN_UNUSED_VARIABLE = YES;
				IPHONEOS_DEPLOYMENT_TARGET = 11.4;
				MTL_ENABLE_DEBUG_INFO = YES;
				ONLY_ACTIVE_ARCH = YES;
				SDKROOT = iphoneos;
				SWIFT_ACTIVE_COMPILATION_CONDITIONS = DEBUG;
				SWIFT_OPTIMIZATION_LEVEL = "-Onone";
			};
			name = Debug;
		};
		7805869B212287B600C14B66 /* Release */ = {
			isa = XCBuildConfiguration;
			buildSettings = {
				ALWAYS_SEARCH_USER_PATHS = NO;
				CLANG_ANALYZER_NONNULL = YES;
				CLANG_ANALYZER_NUMBER_OBJECT_CONVERSION = YES_AGGRESSIVE;
				CLANG_CXX_LANGUAGE_STANDARD = "gnu++14";
				CLANG_CXX_LIBRARY = "libc++";
				CLANG_ENABLE_MODULES = YES;
				CLANG_ENABLE_OBJC_ARC = YES;
				CLANG_ENABLE_OBJC_WEAK = YES;
				CLANG_WARN_BLOCK_CAPTURE_AUTORELEASING = YES;
				CLANG_WARN_BOOL_CONVERSION = YES;
				CLANG_WARN_COMMA = YES;
				CLANG_WARN_CONSTANT_CONVERSION = YES;
				CLANG_WARN_DEPRECATED_OBJC_IMPLEMENTATIONS = YES;
				CLANG_WARN_DIRECT_OBJC_ISA_USAGE = YES_ERROR;
				CLANG_WARN_DOCUMENTATION_COMMENTS = YES;
				CLANG_WARN_EMPTY_BODY = YES;
				CLANG_WARN_ENUM_CONVERSION = YES;
				CLANG_WARN_INFINITE_RECURSION = YES;
				CLANG_WARN_INT_CONVERSION = YES;
				CLANG_WARN_NON_LITERAL_NULL_CONVERSION = YES;
				CLANG_WARN_OBJC_IMPLICIT_RETAIN_SELF = YES;
				CLANG_WARN_OBJC_LITERAL_CONVERSION = YES;
				CLANG_WARN_OBJC_ROOT_CLASS = YES_ERROR;
				CLANG_WARN_RANGE_LOOP_ANALYSIS = YES;
				CLANG_WARN_STRICT_PROTOTYPES = YES;
				CLANG_WARN_SUSPICIOUS_MOVE = YES;
				CLANG_WARN_UNGUARDED_AVAILABILITY = YES_AGGRESSIVE;
				CLANG_WARN_UNREACHABLE_CODE = YES;
				CLANG_WARN__DUPLICATE_METHOD_MATCH = YES;
				CODE_SIGN_IDENTITY = "iPhone Developer";
				COPY_PHASE_STRIP = NO;
				DEBUG_INFORMATION_FORMAT = "dwarf-with-dsym";
				ENABLE_NS_ASSERTIONS = NO;
				ENABLE_STRICT_OBJC_MSGSEND = YES;
				GCC_C_LANGUAGE_STANDARD = gnu11;
				GCC_NO_COMMON_BLOCKS = YES;
				GCC_WARN_64_TO_32_BIT_CONVERSION = YES;
				GCC_WARN_ABOUT_RETURN_TYPE = YES_ERROR;
				GCC_WARN_UNDECLARED_SELECTOR = YES;
				GCC_WARN_UNINITIALIZED_AUTOS = YES_AGGRESSIVE;
				GCC_WARN_UNUSED_FUNCTION = YES;
				GCC_WARN_UNUSED_VARIABLE = YES;
				IPHONEOS_DEPLOYMENT_TARGET = 11.4;
				MTL_ENABLE_DEBUG_INFO = NO;
				SDKROOT = iphoneos;
				SWIFT_COMPILATION_MODE = wholemodule;
				SWIFT_OPTIMIZATION_LEVEL = "-O";
				VALIDATE_PRODUCT = YES;
			};
			name = Release;
		};
		7805869D212287B600C14B66 /* Debug */ = {
			isa = XCBuildConfiguration;
			baseConfigurationReference = A39DD8FE6382814A76531F42 /* Pods-MySpeaker.debug.xcconfig */;
			buildSettings = {
				ASSETCATALOG_COMPILER_APPICON_NAME = AppIcon;
				CODE_SIGN_IDENTITY = "iPhone Developer";
				CODE_SIGN_STYLE = Automatic;
				DEVELOPMENT_TEAM = KZ254T2RPN;
				INFOPLIST_FILE = MySpeaker/Info.plist;
				LD_RUNPATH_SEARCH_PATHS = (
					"$(inherited)",
					"@executable_path/Frameworks",
				);
				PRODUCT_BUNDLE_IDENTIFIER = com.philips.breatheMapperPOC.MySpeaker;
				PRODUCT_NAME = "$(TARGET_NAME)";
				PROVISIONING_PROFILE = "";
				PROVISIONING_PROFILE_SPECIFIER = "";
				SWIFT_VERSION = 4.0;
				TARGETED_DEVICE_FAMILY = "1,2";
			};
			name = Debug;
		};
		7805869E212287B600C14B66 /* Release */ = {
			isa = XCBuildConfiguration;
			baseConfigurationReference = B404BB7661826BC5B2B9FA00 /* Pods-MySpeaker.release.xcconfig */;
			buildSettings = {
				ASSETCATALOG_COMPILER_APPICON_NAME = AppIcon;
				CODE_SIGN_IDENTITY = "iPhone Developer";
				CODE_SIGN_STYLE = Automatic;
				DEVELOPMENT_TEAM = KZ254T2RPN;
				INFOPLIST_FILE = MySpeaker/Info.plist;
				LD_RUNPATH_SEARCH_PATHS = (
					"$(inherited)",
					"@executable_path/Frameworks",
				);
				PRODUCT_BUNDLE_IDENTIFIER = com.philips.breatheMapperPOC.MySpeaker;
				PRODUCT_NAME = "$(TARGET_NAME)";
				PROVISIONING_PROFILE_SPECIFIER = "";
				SWIFT_VERSION = 4.0;
				TARGETED_DEVICE_FAMILY = "1,2";
			};
			name = Release;
		};
		780586A0212287B600C14B66 /* Debug */ = {
			isa = XCBuildConfiguration;
			baseConfigurationReference = 4AE313246B76DE2C6230F8D2 /* Pods-MySpeakerTests.debug.xcconfig */;
			buildSettings = {
				ALWAYS_EMBED_SWIFT_STANDARD_LIBRARIES = YES;
				BUNDLE_LOADER = "$(TEST_HOST)";
				CODE_SIGN_STYLE = Automatic;
				DEVELOPMENT_TEAM = 6S52777MVT;
				INFOPLIST_FILE = MySpeakerTests/Info.plist;
				LD_RUNPATH_SEARCH_PATHS = (
					"$(inherited)",
					"@executable_path/Frameworks",
					"@loader_path/Frameworks",
				);
				PRODUCT_BUNDLE_IDENTIFIER = com.Manjunath.MySpeakerTests;
				PRODUCT_NAME = "$(TARGET_NAME)";
				SWIFT_VERSION = 4.0;
				TARGETED_DEVICE_FAMILY = "1,2";
				TEST_HOST = "$(BUILT_PRODUCTS_DIR)/MySpeaker.app/MySpeaker";
			};
			name = Debug;
		};
		780586A1212287B600C14B66 /* Release */ = {
			isa = XCBuildConfiguration;
			baseConfigurationReference = 8691D297417F8C00A1AB7A2D /* Pods-MySpeakerTests.release.xcconfig */;
			buildSettings = {
				ALWAYS_EMBED_SWIFT_STANDARD_LIBRARIES = YES;
				BUNDLE_LOADER = "$(TEST_HOST)";
				CODE_SIGN_STYLE = Automatic;
				DEVELOPMENT_TEAM = 6S52777MVT;
				INFOPLIST_FILE = MySpeakerTests/Info.plist;
				LD_RUNPATH_SEARCH_PATHS = (
					"$(inherited)",
					"@executable_path/Frameworks",
					"@loader_path/Frameworks",
				);
				PRODUCT_BUNDLE_IDENTIFIER = com.Manjunath.MySpeakerTests;
				PRODUCT_NAME = "$(TARGET_NAME)";
				SWIFT_VERSION = 4.0;
				TARGETED_DEVICE_FAMILY = "1,2";
				TEST_HOST = "$(BUILT_PRODUCTS_DIR)/MySpeaker.app/MySpeaker";
			};
			name = Release;
		};
		780586A3212287B600C14B66 /* Debug */ = {
			isa = XCBuildConfiguration;
			baseConfigurationReference = B98CDC5F2BAE90A03A10864D /* Pods-MySpeakerUITests.debug.xcconfig */;
			buildSettings = {
				ALWAYS_EMBED_SWIFT_STANDARD_LIBRARIES = YES;
				CODE_SIGN_STYLE = Automatic;
				DEVELOPMENT_TEAM = 6S52777MVT;
				INFOPLIST_FILE = MySpeakerUITests/Info.plist;
				LD_RUNPATH_SEARCH_PATHS = (
					"$(inherited)",
					"@executable_path/Frameworks",
					"@loader_path/Frameworks",
				);
				PRODUCT_BUNDLE_IDENTIFIER = com.Manjunath.MySpeakerUITests;
				PRODUCT_NAME = "$(TARGET_NAME)";
				SWIFT_VERSION = 4.0;
				TARGETED_DEVICE_FAMILY = "1,2";
				TEST_TARGET_NAME = MySpeaker;
			};
			name = Debug;
		};
		780586A4212287B600C14B66 /* Release */ = {
			isa = XCBuildConfiguration;
			baseConfigurationReference = 48B795BC0DCB8D2920B8879C /* Pods-MySpeakerUITests.release.xcconfig */;
			buildSettings = {
				ALWAYS_EMBED_SWIFT_STANDARD_LIBRARIES = YES;
				CODE_SIGN_STYLE = Automatic;
				DEVELOPMENT_TEAM = 6S52777MVT;
				INFOPLIST_FILE = MySpeakerUITests/Info.plist;
				LD_RUNPATH_SEARCH_PATHS = (
					"$(inherited)",
					"@executable_path/Frameworks",
					"@loader_path/Frameworks",
				);
				PRODUCT_BUNDLE_IDENTIFIER = com.Manjunath.MySpeakerUITests;
				PRODUCT_NAME = "$(TARGET_NAME)";
				SWIFT_VERSION = 4.0;
				TARGETED_DEVICE_FAMILY = "1,2";
				TEST_TARGET_NAME = MySpeaker;
			};
			name = Release;
		};
/* End XCBuildConfiguration section */

/* Begin XCConfigurationList section */
		7805866C212287B300C14B66 /* Build configuration list for PBXProject "MySpeaker" */ = {
			isa = XCConfigurationList;
			buildConfigurations = (
				7805869A212287B600C14B66 /* Debug */,
				7805869B212287B600C14B66 /* Release */,
			);
			defaultConfigurationIsVisible = 0;
			defaultConfigurationName = Release;
		};
		7805869C212287B600C14B66 /* Build configuration list for PBXNativeTarget "MySpeaker" */ = {
			isa = XCConfigurationList;
			buildConfigurations = (
				7805869D212287B600C14B66 /* Debug */,
				7805869E212287B600C14B66 /* Release */,
			);
			defaultConfigurationIsVisible = 0;
			defaultConfigurationName = Release;
		};
		7805869F212287B600C14B66 /* Build configuration list for PBXNativeTarget "MySpeakerTests" */ = {
			isa = XCConfigurationList;
			buildConfigurations = (
				780586A0212287B600C14B66 /* Debug */,
				780586A1212287B600C14B66 /* Release */,
			);
			defaultConfigurationIsVisible = 0;
			defaultConfigurationName = Release;
		};
		780586A2212287B600C14B66 /* Build configuration list for PBXNativeTarget "MySpeakerUITests" */ = {
			isa = XCConfigurationList;
			buildConfigurations = (
				780586A3212287B600C14B66 /* Debug */,
				780586A4212287B600C14B66 /* Release */,
			);
			defaultConfigurationIsVisible = 0;
			defaultConfigurationName = Release;
		};
/* End XCConfigurationList section */

/* Begin XCVersionGroup section */
		7805867B212287B300C14B66 /* MySpeaker.xcdatamodeld */ = {
			isa = XCVersionGroup;
			children = (
				7805867C212287B300C14B66 /* MySpeaker.xcdatamodel */,
			);
			currentVersion = 7805867C212287B300C14B66 /* MySpeaker.xcdatamodel */;
			path = MySpeaker.xcdatamodeld;
			sourceTree = "<group>";
			versionGroupType = wrapper.xcdatamodel;
		};
/* End XCVersionGroup section */
	};
	rootObject = 78058669212287B300C14B66 /* Project object */;
}
